// !$*UTF8*$!
{
	archiveVersion = 1;
	classes = {
	};
	objectVersion = 46;
	objects = {

/* Begin PBXBuildFile section */
		95B6472B1E55A4E600DD7B46 /* AppDelegate.swift in Sources */ = {isa = PBXBuildFile; fileRef = 95B6472A1E55A4E600DD7B46 /* AppDelegate.swift */; };
		95B6472D1E55A4E600DD7B46 /* ViewController.swift in Sources */ = {isa = PBXBuildFile; fileRef = 95B6472C1E55A4E600DD7B46 /* ViewController.swift */; };
		95B647301E55A4E600DD7B46 /* Main.storyboard in Resources */ = {isa = PBXBuildFile; fileRef = 95B6472E1E55A4E600DD7B46 /* Main.storyboard */; };
		95B647321E55A4E600DD7B46 /* Assets.xcassets in Resources */ = {isa = PBXBuildFile; fileRef = 95B647311E55A4E600DD7B46 /* Assets.xcassets */; };
		95B647351E55A4E600DD7B46 /* LaunchScreen.storyboard in Resources */ = {isa = PBXBuildFile; fileRef = 95B647331E55A4E600DD7B46 /* LaunchScreen.storyboard */; };
		95B647411E55A50C00DD7B46 /* CCSwipBackPresentationController.swift in Sources */ = {isa = PBXBuildFile; fileRef = 95B6473D1E55A50C00DD7B46 /* CCSwipBackPresentationController.swift */; };
		95B647421E55A50C00DD7B46 /* CCZoomAnimatedTransitioning.swift in Sources */ = {isa = PBXBuildFile; fileRef = 95B6473E1E55A50C00DD7B46 /* CCZoomAnimatedTransitioning.swift */; };
		95B647431E55A50C00DD7B46 /* CCZoomTransitioner.swift in Sources */ = {isa = PBXBuildFile; fileRef = 95B6473F1E55A50C00DD7B46 /* CCZoomTransitioner.swift */; };
		95B647441E55A50C00DD7B46 /* CCZoomTransitionVCExtension.swift in Sources */ = {isa = PBXBuildFile; fileRef = 95B647401E55A50C00DD7B46 /* CCZoomTransitionVCExtension.swift */; };
		95B647461E55A52B00DD7B46 /* RedViewController.swift in Sources */ = {isa = PBXBuildFile; fileRef = 95B647451E55A52B00DD7B46 /* RedViewController.swift */; };
/* End PBXBuildFile section */

/* Begin PBXFileReference section */
		95B647271E55A4E600DD7B46 /* TEPresentSwiftT.app */ = {isa = PBXFileReference; explicitFileType = wrapper.application; includeInIndex = 0; path = TEPresentSwiftT.app; sourceTree = BUILT_PRODUCTS_DIR; };
		95B6472A1E55A4E600DD7B46 /* AppDelegate.swift */ = {isa = PBXFileReference; lastKnownFileType = sourcecode.swift; path = AppDelegate.swift; sourceTree = "<group>"; };
		95B6472C1E55A4E600DD7B46 /* ViewController.swift */ = {isa = PBXFileReference; lastKnownFileType = sourcecode.swift; path = ViewController.swift; sourceTree = "<group>"; };
		95B6472F1E55A4E600DD7B46 /* Base */ = {isa = PBXFileReference; lastKnownFileType = file.storyboard; name = Base; path = Base.lproj/Main.storyboard; sourceTree = "<group>"; };
		95B647311E55A4E600DD7B46 /* Assets.xcassets */ = {isa = PBXFileReference; lastKnownFileType = folder.assetcatalog; path = Assets.xcassets; sourceTree = "<group>"; };
		95B647341E55A4E600DD7B46 /* Base */ = {isa = PBXFileReference; lastKnownFileType = file.storyboard; name = Base; path = Base.lproj/LaunchScreen.storyboard; sourceTree = "<group>"; };
		95B647361E55A4E600DD7B46 /* Info.plist */ = {isa = PBXFileReference; lastKnownFileType = text.plist.xml; path = Info.plist; sourceTree = "<group>"; };
		95B6473D1E55A50C00DD7B46 /* CCSwipBackPresentationController.swift */ = {isa = PBXFileReference; fileEncoding = 4; lastKnownFileType = sourcecode.swift; path = CCSwipBackPresentationController.swift; sourceTree = "<group>"; };
		95B6473E1E55A50C00DD7B46 /* CCZoomAnimatedTransitioning.swift */ = {isa = PBXFileReference; fileEncoding = 4; lastKnownFileType = sourcecode.swift; path = CCZoomAnimatedTransitioning.swift; sourceTree = "<group>"; };
		95B6473F1E55A50C00DD7B46 /* CCZoomTransitioner.swift */ = {isa = PBXFileReference; fileEncoding = 4; lastKnownFileType = sourcecode.swift; path = CCZoomTransitioner.swift; sourceTree = "<group>"; };
		95B647401E55A50C00DD7B46 /* CCZoomTransitionVCExtension.swift */ = {isa = PBXFileReference; fileEncoding = 4; lastKnownFileType = sourcecode.swift; path = CCZoomTransitionVCExtension.swift; sourceTree = "<group>"; };
		95B647451E55A52B00DD7B46 /* RedViewController.swift */ = {isa = PBXFileReference; fileEncoding = 4; lastKnownFileType = sourcecode.swift; path = RedViewController.swift; sourceTree = "<group>"; };
/* End PBXFileReference section */

/* Begin PBXFrameworksBuildPhase section */
		95B647241E55A4E600DD7B46 /* Frameworks */ = {
			isa = PBXFrameworksBuildPhase;
			buildActionMask = 2147483647;
			files = (
			);
			runOnlyForDeploymentPostprocessing = 0;
		};
/* End PBXFrameworksBuildPhase section */

/* Begin PBXGroup section */
		95B6471E1E55A4E600DD7B46 = {
			isa = PBXGroup;
			children = (
				95B647291E55A4E600DD7B46 /* TEPresentSwiftT */,
				95B647281E55A4E600DD7B46 /* Products */,
			);
			sourceTree = "<group>";
		};
		95B647281E55A4E600DD7B46 /* Products */ = {
			isa = PBXGroup;
			children = (
				95B647271E55A4E600DD7B46 /* TEPresentSwiftT.app */,
			);
			name = Products;
			sourceTree = "<group>";
		};
		95B647291E55A4E600DD7B46 /* TEPresentSwiftT */ = {
			isa = PBXGroup;
			children = (
				95B6472A1E55A4E600DD7B46 /* AppDelegate.swift */,
				95B6472C1E55A4E600DD7B46 /* ViewController.swift */,
				95B647451E55A52B00DD7B46 /* RedViewController.swift */,
				95B6472E1E55A4E600DD7B46 /* Main.storyboard */,
				95B647311E55A4E600DD7B46 /* Assets.xcassets */,
				95B6473C1E55A50C00DD7B46 /* CCZoomTransition */,
				95B647331E55A4E600DD7B46 /* LaunchScreen.storyboard */,
				95B647361E55A4E600DD7B46 /* Info.plist */,
			);
			path = TEPresentSwiftT;
			sourceTree = "<group>";
		};
		95B6473C1E55A50C00DD7B46 /* CCZoomTransition */ = {
			isa = PBXGroup;
			children = (
				95B6473D1E55A50C00DD7B46 /* CCSwipBackPresentationController.swift */,
				95B6473E1E55A50C00DD7B46 /* CCZoomAnimatedTransitioning.swift */,
				95B6473F1E55A50C00DD7B46 /* CCZoomTransitioner.swift */,
				95B647401E55A50C00DD7B46 /* CCZoomTransitionVCExtension.swift */,
			);
			path = CCZoomTransition;
			sourceTree = "<group>";
		};
/* End PBXGroup section */

/* Begin PBXNativeTarget section */
		95B647261E55A4E600DD7B46 /* TEPresentSwiftT */ = {
			isa = PBXNativeTarget;
			buildConfigurationList = 95B647391E55A4E600DD7B46 /* Build configuration list for PBXNativeTarget "TEPresentSwiftT" */;
			buildPhases = (
				95B647231E55A4E600DD7B46 /* Sources */,
				95B647241E55A4E600DD7B46 /* Frameworks */,
				95B647251E55A4E600DD7B46 /* Resources */,
			);
			buildRules = (
			);
			dependencies = (
			);
			name = TEPresentSwiftT;
			productName = TEPresentSwiftT;
			productReference = 95B647271E55A4E600DD7B46 /* TEPresentSwiftT.app */;
			productType = "com.apple.product-type.application";
		};
/* End PBXNativeTarget section */

/* Begin PBXProject section */
		95B6471F1E55A4E600DD7B46 /* Project object */ = {
			isa = PBXProject;
			attributes = {
				LastSwiftUpdateCheck = 0820;
				LastUpgradeCheck = 0820;
				ORGANIZATIONNAME = bo;
				TargetAttributes = {
					95B647261E55A4E600DD7B46 = {
						CreatedOnToolsVersion = 8.2.1;
						ProvisioningStyle = Automatic;
					};
				};
			};
			buildConfigurationList = 95B647221E55A4E600DD7B46 /* Build configuration list for PBXProject "TEPresentSwiftT" */;
			compatibilityVersion = "Xcode 3.2";
			developmentRegion = English;
			hasScannedForEncodings = 0;
			knownRegions = (
				en,
				Base,
			);
			mainGroup = 95B6471E1E55A4E600DD7B46;
			productRefGroup = 95B647281E55A4E600DD7B46 /* Products */;
			projectDirPath = "";
			projectRoot = "";
			targets = (
				95B647261E55A4E600DD7B46 /* TEPresentSwiftT */,
			);
		};
/* End PBXProject section */

/* Begin PBXResourcesBuildPhase section */
		95B647251E55A4E600DD7B46 /* Resources */ = {
			isa = PBXResourcesBuildPhase;
			buildActionMask = 2147483647;
			files = (
				95B647351E55A4E600DD7B46 /* LaunchScreen.storyboard in Resources */,
				95B647321E55A4E600DD7B46 /* Assets.xcassets in Resources */,
				95B647301E55A4E600DD7B46 /* Main.storyboard in Resources */,
			);
			runOnlyForDeploymentPostprocessing = 0;
		};
/* End PBXResourcesBuildPhase section */

/* Begin PBXSourcesBuildPhase section */
		95B647231E55A4E600DD7B46 /* Sources */ = {
			isa = PBXSourcesBuildPhase;
			buildActionMask = 2147483647;
			files = (
				95B647461E55A52B00DD7B46 /* RedViewController.swift in Sources */,
				95B647441E55A50C00DD7B46 /* CCZoomTransitionVCExtension.swift in Sources */,
				95B6472D1E55A4E600DD7B46 /* ViewController.swift in Sources */,
				95B647421E55A50C00DD7B46 /* CCZoomAnimatedTransitioning.swift in Sources */,
				95B647411E55A50C00DD7B46 /* CCSwipBackPresentationController.swift in Sources */,
				95B6472B1E55A4E600DD7B46 /* AppDelegate.swift in Sources */,
				95B647431E55A50C00DD7B46 /* CCZoomTransitioner.swift in Sources */,
			);
			runOnlyForDeploymentPostprocessing = 0;
		};
/* End PBXSourcesBuildPhase section */

/* Begin PBXVariantGroup section */
		95B6472E1E55A4E600DD7B46 /* Main.storyboard */ = {
			isa = PBXVariantGroup;
			children = (
				95B6472F1E55A4E600DD7B46 /* Base */,
			);
			name = Main.storyboard;
			sourceTree = "<group>";
		};
		95B647331E55A4E600DD7B46 /* LaunchScreen.storyboard */ = {
			isa = PBXVariantGroup;
			children = (
				95B647341E55A4E600DD7B46 /* Base */,
			);
			name = LaunchScreen.storyboard;
			sourceTree = "<group>";
		};
/* End PBXVariantGroup section */

/* Begin XCBuildConfiguration section */
		95B647371E55A4E600DD7B46 /* Debug */ = {
			isa = XCBuildConfiguration;
			buildSettings = {
				ALWAYS_SEARCH_USER_PATHS = NO;
				CLANG_ANALYZER_NONNULL = YES;
				CLANG_CXX_LANGUAGE_STANDARD = "gnu++0x";
				CLANG_CXX_LIBRARY = "libc++";
				CLANG_ENABLE_MODULES = YES;
				CLANG_ENABLE_OBJC_ARC = YES;
				CLANG_WARN_BOOL_CONVERSION = YES;
				CLANG_WARN_CONSTANT_CONVERSION = YES;
				CLANG_WARN_DIRECT_OBJC_ISA_USAGE = YES_ERROR;
				CLANG_WARN_DOCUMENTATION_COMMENTS = YES;
				CLANG_WARN_EMPTY_BODY = YES;
				CLANG_WARN_ENUM_CONVERSION = YES;
				CLANG_WARN_INFINITE_RECURSION = YES;
				CLANG_WARN_INT_CONVERSION = YES;
				CLANG_WARN_OBJC_ROOT_CLASS = YES_ERROR;
				CLANG_WARN_SUSPICIOUS_MOVE = YES;
				CLANG_WARN_UNREACHABLE_CODE = YES;
				CLANG_WARN__DUPLICATE_METHOD_MATCH = YES;
				"CODE_SIGN_IDENTITY[sdk=iphoneos*]" = "iPhone Developer";
				COPY_PHASE_STRIP = NO;
				DEBUG_INFORMATION_FORMAT = dwarf;
				ENABLE_STRICT_OBJC_MSGSEND = YES;
				ENABLE_TESTABILITY = YES;
				GCC_C_LANGUAGE_STANDARD = gnu99;
				GCC_DYNAMIC_NO_PIC = NO;
				GCC_NO_COMMON_BLOCKS = YES;
				GCC_OPTIMIZATION_LEVEL = 0;
				GCC_PREPROCESSOR_DEFINITIONS = (
					"DEBUG=1",
					"$(inherited)",
				);
				GCC_WARN_64_TO_32_BIT_CONVERSION = YES;
				GCC_WARN_ABOUT_RETURN_TYPE = YES_ERROR;
				GCC_WARN_UNDECLARED_SELECTOR = YES;
				GCC_WARN_UNINITIALIZED_AUTOS = YES_AGGRESSIVE;
				GCC_WARN_UNUSED_FUNCTION = YES;
				GCC_WARN_UNUSED_VARIABLE = YES;
				IPHONEOS_DEPLOYMENT_TARGET = 10.2;
				MTL_ENABLE_DEBUG_INFO = YES;
				ONLY_ACTIVE_ARCH = YES;
				SDKROOT = iphoneos;
				SWIFT_ACTIVE_COMPILATION_CONDITIONS = DEBUG;
				SWIFT_OPTIMIZATION_LEVEL = "-Onone";
				TARGETED_DEVICE_FAMILY = "1,2";
			};
			name = Debug;
		};
		95B647381E55A4E600DD7B46 /* Release */ = {
			isa = XCBuildConfiguration;
			buildSettings = {
				ALWAYS_SEARCH_USER_PATHS = NO;
				CLANG_ANALYZER_NONNULL = YES;
				CLANG_CXX_LANGUAGE_STANDARD = "gnu++0x";
				CLANG_CXX_LIBRARY = "libc++";
				CLANG_ENABLE_MODULES = YES;
				CLANG_ENABLE_OBJC_ARC = YES;
				CLANG_WARN_BOOL_CONVERSION = YES;
				CLANG_WARN_CONSTANT_CONVERSION = YES;
				CLANG_WARN_DIRECT_OBJC_ISA_USAGE = YES_ERROR;
				CLANG_WARN_DOCUMENTATION_COMMENTS = YES;
				CLANG_WARN_EMPTY_BODY = YES;
				CLANG_WARN_ENUM_CONVERSION = YES;
				CLANG_WARN_INFINITE_RECURSION = YES;
				CLANG_WARN_INT_CONVERSION = YES;
				CLANG_WARN_OBJC_ROOT_CLASS = YES_ERROR;
				CLANG_WARN_SUSPICIOUS_MOVE = YES;
				CLANG_WARN_UNREACHABLE_CODE = YES;
				CLANG_WARN__DUPLICATE_METHOD_MATCH = YES;
				"CODE_SIGN_IDENTITY[sdk=iphoneos*]" = "iPhone Developer";
				COPY_PHASE_STRIP = NO;
				DEBUG_INFORMATION_FORMAT = "dwarf-with-dsym";
				ENABLE_NS_ASSERTIONS = NO;
				ENABLE_STRICT_OBJC_MSGSEND = YES;
				GCC_C_LANGUAGE_STANDARD = gnu99;
				GCC_NO_COMMON_BLOCKS = YES;
				GCC_WARN_64_TO_32_BIT_CONVERSION = YES;
				GCC_WARN_ABOUT_RETURN_TYPE = YES_ERROR;
				GCC_WARN_UNDECLARED_SELECTOR = YES;
				GCC_WARN_UNINITIALIZED_AUTOS = YES_AGGRESSIVE;
				GCC_WARN_UNUSED_FUNCTION = YES;
				GCC_WARN_UNUSED_VARIABLE = YES;
				IPHONEOS_DEPLOYMENT_TARGET = 10.2;
				MTL_ENABLE_DEBUG_INFO = NO;
				SDKROOT = iphoneos;
				SWIFT_OPTIMIZATION_LEVEL = "-Owholemodule";
				TARGETED_DEVICE_FAMILY = "1,2";
				VALIDATE_PRODUCT = YES;
			};
			name = Release;
		};
		95B6473A1E55A4E600DD7B46 /* Debug */ = {
			isa = XCBuildConfiguration;
			buildSettings = {
				ASSETCATALOG_COMPILER_APPICON_NAME = AppIcon;
				INFOPLIST_FILE = TEPresentSwiftT/Info.plist;
				LD_RUNPATH_SEARCH_PATHS = "$(inherited) @executable_path/Frameworks";
				PRODUCT_BUNDLE_IDENTIFIER = CC.TEPresentSwiftT;
				PRODUCT_NAME = "$(TARGET_NAME)";
				SWIFT_VERSION = 3.0;
			};
			name = Debug;
		};
		95B6473B1E55A4E600DD7B46 /* Release */ = {
			isa = XCBuildConfiguration;
			buildSettings = {
				ASSETCATALOG_COMPILER_APPICON_NAME = AppIcon;
				INFOPLIST_FILE = TEPresentSwiftT/Info.plist;
				LD_RUNPATH_SEARCH_PATHS = "$(inherited) @executable_path/Frameworks";
				PRODUCT_BUNDLE_IDENTIFIER = CC.TEPresentSwiftT;
				PRODUCT_NAME = "$(TARGET_NAME)";
				SWIFT_VERSION = 3.0;
			};
			name = Release;
		};
/* End XCBuildConfiguration section */

/* Begin XCConfigurationList section */
		95B647221E55A4E600DD7B46 /* Build configuration list for PBXProject "TEPresentSwiftT" */ = {
			isa = XCConfigurationList;
			buildConfigurations = (
				95B647371E55A4E600DD7B46 /* Debug */,
				95B647381E55A4E600DD7B46 /* Release */,
			);
			defaultConfigurationIsVisible = 0;
			defaultConfigurationName = Release;
		};
		95B647391E55A4E600DD7B46 /* Build configuration list for PBXNativeTarget "TEPresentSwiftT" */ = {
			isa = XCConfigurationList;
			buildConfigurations = (
				95B6473A1E55A4E600DD7B46 /* Debug */,
				95B6473B1E55A4E600DD7B46 /* Release */,
			);
			defaultConfigurationIsVisible = 0;
		};
/* End XCConfigurationList section */
	};
	rootObject = 95B6471F1E55A4E600DD7B46 /* Project object */;
}
