// !$*UTF8*$!
{
	archiveVersion = 1;
	classes = {
	};
	objectVersion = 48;
	objects = {

/* Begin PBXBuildFile section */
		9524DB1C1F94C5A800FCF0FA /* SAMTC.h in CopyFiles */ = {isa = PBXBuildFile; fileRef = 9524DB1B1F94C59C00FCF0FA /* SAMTC.h */; };
		9524DB1D1F94C67700FCF0FA /* SAMAESCrpytor.c in Sources */ = {isa = PBXBuildFile; fileRef = 9524DB1A1F94C59C00FCF0FA /* SAMAESCrpytor.c */; };
		9524DB1F1F94C67700FCF0FA /* SAMBase64.c in Sources */ = {isa = PBXBuildFile; fileRef = 9524DB151F94C59B00FCF0FA /* SAMBase64.c */; };
		9524DB221F94C67700FCF0FA /* SAMCDataTF.c in Sources */ = {isa = PBXBuildFile; fileRef = 9524DB121F94C59B00FCF0FA /* SAMCDataTF.c */; };
		9524DB261F94C67800FCF0FA /* SAMRSACryptor.m in Sources */ = {isa = PBXBuildFile; fileRef = 9524DB161F94C59B00FCF0FA /* SAMRSACryptor.m */; };
		9524DB281F94C67800FCF0FA /* SAMTC.m in Sources */ = {isa = PBXBuildFile; fileRef = 9524DB171F94C59B00FCF0FA /* SAMTC.m */; };
		95F4A7761F94ABE400B87CF2 /* Tests.m in Sources */ = {isa = PBXBuildFile; fileRef = 95F4A7751F94ABE400B87CF2 /* Tests.m */; };
		95F4A7781F94ABE400B87CF2 /* libSAMTC.a in Frameworks */ = {isa = PBXBuildFile; fileRef = 95F4A71F1F94A78800B87CF2 /* libSAMTC.a */; };
/* End PBXBuildFile section */

/* Begin PBXContainerItemProxy section */
		95F4A7791F94ABE400B87CF2 /* PBXContainerItemProxy */ = {
			isa = PBXContainerItemProxy;
			containerPortal = 95F4A7171F94A78800B87CF2 /* Project object */;
			proxyType = 1;
			remoteGlobalIDString = 95F4A71E1F94A78800B87CF2;
			remoteInfo = SAMTC;
		};
/* End PBXContainerItemProxy section */

/* Begin PBXCopyFilesBuildPhase section */
		95F4A71D1F94A78800B87CF2 /* CopyFiles */ = {
			isa = PBXCopyFilesBuildPhase;
			buildActionMask = 2147483647;
			dstPath = "include/$(PRODUCT_NAME)";
			dstSubfolderSpec = 16;
			files = (
				9524DB1C1F94C5A800FCF0FA /* SAMTC.h in CopyFiles */,
			);
			runOnlyForDeploymentPostprocessing = 0;
		};
/* End PBXCopyFilesBuildPhase section */

/* Begin PBXFileReference section */
		9524DB111F94C59B00FCF0FA /* SAMCDataTF.h */ = {isa = PBXFileReference; lastKnownFileType = sourcecode.c.h; path = SAMCDataTF.h; sourceTree = "<group>"; };
		9524DB121F94C59B00FCF0FA /* SAMCDataTF.c */ = {isa = PBXFileReference; lastKnownFileType = sourcecode.c.c; path = SAMCDataTF.c; sourceTree = "<group>"; };
		9524DB131F94C59B00FCF0FA /* SAMAESCrpytor.h */ = {isa = PBXFileReference; lastKnownFileType = sourcecode.c.h; path = SAMAESCrpytor.h; sourceTree = "<group>"; };
		9524DB141F94C59B00FCF0FA /* SAMBase64.h */ = {isa = PBXFileReference; lastKnownFileType = sourcecode.c.h; path = SAMBase64.h; sourceTree = "<group>"; };
		9524DB151F94C59B00FCF0FA /* SAMBase64.c */ = {isa = PBXFileReference; lastKnownFileType = sourcecode.c.c; path = SAMBase64.c; sourceTree = "<group>"; };
		9524DB161F94C59B00FCF0FA /* SAMRSACryptor.m */ = {isa = PBXFileReference; lastKnownFileType = sourcecode.c.objc; path = SAMRSACryptor.m; sourceTree = "<group>"; };
		9524DB171F94C59B00FCF0FA /* SAMTC.m */ = {isa = PBXFileReference; lastKnownFileType = sourcecode.c.objc; path = SAMTC.m; sourceTree = "<group>"; };
		9524DB181F94C59B00FCF0FA /* SAMRSACryptor.h */ = {isa = PBXFileReference; lastKnownFileType = sourcecode.c.h; path = SAMRSACryptor.h; sourceTree = "<group>"; };
		9524DB191F94C59B00FCF0FA /* SAMCLPre.h */ = {isa = PBXFileReference; lastKnownFileType = sourcecode.c.h; path = SAMCLPre.h; sourceTree = "<group>"; };
		9524DB1A1F94C59C00FCF0FA /* SAMAESCrpytor.c */ = {isa = PBXFileReference; lastKnownFileType = sourcecode.c.c; path = SAMAESCrpytor.c; sourceTree = "<group>"; };
		9524DB1B1F94C59C00FCF0FA /* SAMTC.h */ = {isa = PBXFileReference; lastKnownFileType = sourcecode.c.h; path = SAMTC.h; sourceTree = "<group>"; };
		95F4A71F1F94A78800B87CF2 /* libSAMTC.a */ = {isa = PBXFileReference; explicitFileType = archive.ar; includeInIndex = 0; path = libSAMTC.a; sourceTree = BUILT_PRODUCTS_DIR; };
		95F4A7731F94ABE400B87CF2 /* Tests.xctest */ = {isa = PBXFileReference; explicitFileType = wrapper.cfbundle; includeInIndex = 0; path = Tests.xctest; sourceTree = BUILT_PRODUCTS_DIR; };
		95F4A7751F94ABE400B87CF2 /* Tests.m */ = {isa = PBXFileReference; lastKnownFileType = sourcecode.c.objc; path = Tests.m; sourceTree = "<group>"; };
		95F4A7771F94ABE400B87CF2 /* Info.plist */ = {isa = PBXFileReference; lastKnownFileType = text.plist.xml; path = Info.plist; sourceTree = "<group>"; };
/* End PBXFileReference section */

/* Begin PBXFrameworksBuildPhase section */
		95F4A71C1F94A78800B87CF2 /* Frameworks */ = {
			isa = PBXFrameworksBuildPhase;
			buildActionMask = 2147483647;
			files = (
			);
			runOnlyForDeploymentPostprocessing = 0;
		};
		95F4A7701F94ABE400B87CF2 /* Frameworks */ = {
			isa = PBXFrameworksBuildPhase;
			buildActionMask = 2147483647;
			files = (
				95F4A7781F94ABE400B87CF2 /* libSAMTC.a in Frameworks */,
			);
			runOnlyForDeploymentPostprocessing = 0;
		};
/* End PBXFrameworksBuildPhase section */

/* Begin PBXGroup section */
		95F4A7161F94A78800B87CF2 = {
			isa = PBXGroup;
			children = (
				95F4A7211F94A78800B87CF2 /* SAMTC */,
				95F4A7741F94ABE400B87CF2 /* Tests */,
				95F4A7201F94A78800B87CF2 /* Products */,
			);
			sourceTree = "<group>";
		};
		95F4A7201F94A78800B87CF2 /* Products */ = {
			isa = PBXGroup;
			children = (
				95F4A71F1F94A78800B87CF2 /* libSAMTC.a */,
				95F4A7731F94ABE400B87CF2 /* Tests.xctest */,
			);
			name = Products;
			sourceTree = "<group>";
		};
		95F4A7211F94A78800B87CF2 /* SAMTC */ = {
			isa = PBXGroup;
			children = (
				9524DB1A1F94C59C00FCF0FA /* SAMAESCrpytor.c */,
				9524DB131F94C59B00FCF0FA /* SAMAESCrpytor.h */,
				9524DB151F94C59B00FCF0FA /* SAMBase64.c */,
				9524DB141F94C59B00FCF0FA /* SAMBase64.h */,
				9524DB121F94C59B00FCF0FA /* SAMCDataTF.c */,
				9524DB111F94C59B00FCF0FA /* SAMCDataTF.h */,
				9524DB191F94C59B00FCF0FA /* SAMCLPre.h */,
				9524DB181F94C59B00FCF0FA /* SAMRSACryptor.h */,
				9524DB161F94C59B00FCF0FA /* SAMRSACryptor.m */,
				9524DB1B1F94C59C00FCF0FA /* SAMTC.h */,
				9524DB171F94C59B00FCF0FA /* SAMTC.m */,
			);
			path = SAMTC;
			sourceTree = "<group>";
		};
		95F4A7741F94ABE400B87CF2 /* Tests */ = {
			isa = PBXGroup;
			children = (
				95F4A7751F94ABE400B87CF2 /* Tests.m */,
				95F4A7771F94ABE400B87CF2 /* Info.plist */,
			);
			path = Tests;
			sourceTree = "<group>";
		};
/* End PBXGroup section */

/* Begin PBXNativeTarget section */
		95F4A71E1F94A78800B87CF2 /* SAMTC */ = {
			isa = PBXNativeTarget;
			buildConfigurationList = 95F4A7281F94A78800B87CF2 /* Build configuration list for PBXNativeTarget "SAMTC" */;
			buildPhases = (
				95F4A71B1F94A78800B87CF2 /* Sources */,
				95F4A71C1F94A78800B87CF2 /* Frameworks */,
				95F4A71D1F94A78800B87CF2 /* CopyFiles */,
			);
			buildRules = (
			);
			dependencies = (
			);
			name = SAMTC;
			productName = SAMTC;
			productReference = 95F4A71F1F94A78800B87CF2 /* libSAMTC.a */;
			productType = "com.apple.product-type.library.static";
		};
		95F4A7721F94ABE400B87CF2 /* Tests */ = {
			isa = PBXNativeTarget;
			buildConfigurationList = 95F4A77D1F94ABE400B87CF2 /* Build configuration list for PBXNativeTarget "Tests" */;
			buildPhases = (
				95F4A76F1F94ABE400B87CF2 /* Sources */,
				95F4A7701F94ABE400B87CF2 /* Frameworks */,
				95F4A7711F94ABE400B87CF2 /* Resources */,
			);
			buildRules = (
			);
			dependencies = (
				95F4A77A1F94ABE400B87CF2 /* PBXTargetDependency */,
			);
			name = Tests;
			productName = Tests;
			productReference = 95F4A7731F94ABE400B87CF2 /* Tests.xctest */;
			productType = "com.apple.product-type.bundle.unit-test";
		};
/* End PBXNativeTarget section */

/* Begin PBXProject section */
		95F4A7171F94A78800B87CF2 /* Project object */ = {
			isa = PBXProject;
			attributes = {
				LastUpgradeCheck = 0900;
				ORGANIZATIONNAME = SAM;
				TargetAttributes = {
					95F4A71E1F94A78800B87CF2 = {
						CreatedOnToolsVersion = 9.0;
						ProvisioningStyle = Automatic;
					};
					95F4A7721F94ABE400B87CF2 = {
						CreatedOnToolsVersion = 9.0;
						ProvisioningStyle = Automatic;
					};
				};
			};
			buildConfigurationList = 95F4A71A1F94A78800B87CF2 /* Build configuration list for PBXProject "SAMTC" */;
			compatibilityVersion = "Xcode 8.0";
			developmentRegion = en;
			hasScannedForEncodings = 0;
			knownRegions = (
				en,
			);
			mainGroup = 95F4A7161F94A78800B87CF2;
			productRefGroup = 95F4A7201F94A78800B87CF2 /* Products */;
			projectDirPath = "";
			projectRoot = "";
			targets = (
				95F4A71E1F94A78800B87CF2 /* SAMTC */,
				95F4A7721F94ABE400B87CF2 /* Tests */,
			);
		};
/* End PBXProject section */

/* Begin PBXResourcesBuildPhase section */
		95F4A7711F94ABE400B87CF2 /* Resources */ = {
			isa = PBXResourcesBuildPhase;
			buildActionMask = 2147483647;
			files = (
			);
			runOnlyForDeploymentPostprocessing = 0;
		};
/* End PBXResourcesBuildPhase section */

/* Begin PBXSourcesBuildPhase section */
		95F4A71B1F94A78800B87CF2 /* Sources */ = {
			isa = PBXSourcesBuildPhase;
			buildActionMask = 2147483647;
			files = (
				9524DB1D1F94C67700FCF0FA /* SAMAESCrpytor.c in Sources */,
				9524DB1F1F94C67700FCF0FA /* SAMBase64.c in Sources */,
				9524DB221F94C67700FCF0FA /* SAMCDataTF.c in Sources */,
				9524DB261F94C67800FCF0FA /* SAMRSACryptor.m in Sources */,
				9524DB281F94C67800FCF0FA /* SAMTC.m in Sources */,
			);
			runOnlyForDeploymentPostprocessing = 0;
		};
		95F4A76F1F94ABE400B87CF2 /* Sources */ = {
			isa = PBXSourcesBuildPhase;
			buildActionMask = 2147483647;
			files = (
				95F4A7761F94ABE400B87CF2 /* Tests.m in Sources */,
			);
			runOnlyForDeploymentPostprocessing = 0;
		};
/* End PBXSourcesBuildPhase section */

/* Begin PBXTargetDependency section */
		95F4A77A1F94ABE400B87CF2 /* PBXTargetDependency */ = {
			isa = PBXTargetDependency;
			target = 95F4A71E1F94A78800B87CF2 /* SAMTC */;
			targetProxy = 95F4A7791F94ABE400B87CF2 /* PBXContainerItemProxy */;
		};
/* End PBXTargetDependency section */

/* Begin XCBuildConfiguration section */
		95F4A7261F94A78800B87CF2 /* Debug */ = {
			isa = XCBuildConfiguration;
			buildSettings = {
				ALWAYS_SEARCH_USER_PATHS = NO;
				CLANG_ANALYZER_NONNULL = YES;
				CLANG_ANALYZER_NUMBER_OBJECT_CONVERSION = YES_AGGRESSIVE;
				CLANG_CXX_LANGUAGE_STANDARD = "gnu++14";
				CLANG_CXX_LIBRARY = "libc++";
				CLANG_ENABLE_MODULES = YES;
				CLANG_ENABLE_OBJC_ARC = YES;
				CLANG_WARN_BLOCK_CAPTURE_AUTORELEASING = YES;
				CLANG_WARN_BOOL_CONVERSION = YES;
				CLANG_WARN_COMMA = YES;
				CLANG_WARN_CONSTANT_CONVERSION = YES;
				CLANG_WARN_DIRECT_OBJC_ISA_USAGE = YES_ERROR;
				CLANG_WARN_DOCUMENTATION_COMMENTS = YES;
				CLANG_WARN_EMPTY_BODY = YES;
				CLANG_WARN_ENUM_CONVERSION = YES;
				CLANG_WARN_INFINITE_RECURSION = YES;
				CLANG_WARN_INT_CONVERSION = YES;
				CLANG_WARN_NON_LITERAL_NULL_CONVERSION = YES;
				CLANG_WARN_OBJC_LITERAL_CONVERSION = YES;
				CLANG_WARN_OBJC_ROOT_CLASS = YES_ERROR;
				CLANG_WARN_RANGE_LOOP_ANALYSIS = YES;
				CLANG_WARN_STRICT_PROTOTYPES = YES;
				CLANG_WARN_SUSPICIOUS_MOVE = YES;
				CLANG_WARN_UNGUARDED_AVAILABILITY = YES_AGGRESSIVE;
				CLANG_WARN_UNREACHABLE_CODE = YES;
				CLANG_WARN__DUPLICATE_METHOD_MATCH = YES;
				CODE_SIGN_IDENTITY = "iPhone Developer";
				COPY_PHASE_STRIP = NO;
				DEBUG_INFORMATION_FORMAT = dwarf;
				ENABLE_STRICT_OBJC_MSGSEND = YES;
				ENABLE_TESTABILITY = YES;
				GCC_C_LANGUAGE_STANDARD = gnu11;
				GCC_DYNAMIC_NO_PIC = NO;
				GCC_NO_COMMON_BLOCKS = YES;
				GCC_OPTIMIZATION_LEVEL = 0;
				GCC_PREPROCESSOR_DEFINITIONS = (
					"DEBUG=1",
					"$(inherited)",
				);
				GCC_WARN_64_TO_32_BIT_CONVERSION = YES;
				GCC_WARN_ABOUT_RETURN_TYPE = YES_ERROR;
				GCC_WARN_UNDECLARED_SELECTOR = YES;
				GCC_WARN_UNINITIALIZED_AUTOS = YES_AGGRESSIVE;
				GCC_WARN_UNUSED_FUNCTION = YES;
				GCC_WARN_UNUSED_VARIABLE = YES;
				IPHONEOS_DEPLOYMENT_TARGET = 9.0;
				MTL_ENABLE_DEBUG_INFO = YES;
				ONLY_ACTIVE_ARCH = NO;
				SDKROOT = iphoneos;
			};
			name = Debug;
		};
		95F4A7271F94A78800B87CF2 /* Release */ = {
			isa = XCBuildConfiguration;
			buildSettings = {
				ALWAYS_SEARCH_USER_PATHS = NO;
				CLANG_ANALYZER_NONNULL = YES;
				CLANG_ANALYZER_NUMBER_OBJECT_CONVERSION = YES_AGGRESSIVE;
				CLANG_CXX_LANGUAGE_STANDARD = "gnu++14";
				CLANG_CXX_LIBRARY = "libc++";
				CLANG_ENABLE_MODULES = YES;
				CLANG_ENABLE_OBJC_ARC = YES;
				CLANG_WARN_BLOCK_CAPTURE_AUTORELEASING = YES;
				CLANG_WARN_BOOL_CONVERSION = YES;
				CLANG_WARN_COMMA = YES;
				CLANG_WARN_CONSTANT_CONVERSION = YES;
				CLANG_WARN_DIRECT_OBJC_ISA_USAGE = YES_ERROR;
				CLANG_WARN_DOCUMENTATION_COMMENTS = YES;
				CLANG_WARN_EMPTY_BODY = YES;
				CLANG_WARN_ENUM_CONVERSION = YES;
				CLANG_WARN_INFINITE_RECURSION = YES;
				CLANG_WARN_INT_CONVERSION = YES;
				CLANG_WARN_NON_LITERAL_NULL_CONVERSION = YES;
				CLANG_WARN_OBJC_LITERAL_CONVERSION = YES;
				CLANG_WARN_OBJC_ROOT_CLASS = YES_ERROR;
				CLANG_WARN_RANGE_LOOP_ANALYSIS = YES;
				CLANG_WARN_STRICT_PROTOTYPES = YES;
				CLANG_WARN_SUSPICIOUS_MOVE = YES;
				CLANG_WARN_UNGUARDED_AVAILABILITY = YES_AGGRESSIVE;
				CLANG_WARN_UNREACHABLE_CODE = YES;
				CLANG_WARN__DUPLICATE_METHOD_MATCH = YES;
				CODE_SIGN_IDENTITY = "iPhone Developer";
				COPY_PHASE_STRIP = NO;
				DEBUG_INFORMATION_FORMAT = "dwarf-with-dsym";
				ENABLE_NS_ASSERTIONS = NO;
				ENABLE_STRICT_OBJC_MSGSEND = YES;
				GCC_C_LANGUAGE_STANDARD = gnu11;
				GCC_NO_COMMON_BLOCKS = YES;
				GCC_WARN_64_TO_32_BIT_CONVERSION = YES;
				GCC_WARN_ABOUT_RETURN_TYPE = YES_ERROR;
				GCC_WARN_UNDECLARED_SELECTOR = YES;
				GCC_WARN_UNINITIALIZED_AUTOS = YES_AGGRESSIVE;
				GCC_WARN_UNUSED_FUNCTION = YES;
				GCC_WARN_UNUSED_VARIABLE = YES;
				IPHONEOS_DEPLOYMENT_TARGET = 9.0;
				MTL_ENABLE_DEBUG_INFO = NO;
				ONLY_ACTIVE_ARCH = NO;
				SDKROOT = iphoneos;
				VALIDATE_PRODUCT = YES;
			};
			name = Release;
		};
		95F4A7291F94A78800B87CF2 /* Debug */ = {
			isa = XCBuildConfiguration;
			buildSettings = {
				CODE_SIGN_STYLE = Automatic;
				DEVELOPMENT_TEAM = 23869FAP88;
				ONLY_ACTIVE_ARCH = NO;
				OTHER_LDFLAGS = "-ObjC";
				PRODUCT_NAME = "$(TARGET_NAME)";
				SKIP_INSTALL = YES;
				TARGETED_DEVICE_FAMILY = "1,2";
			};
			name = Debug;
		};
		95F4A72A1F94A78800B87CF2 /* Release */ = {
			isa = XCBuildConfiguration;
			buildSettings = {
				CODE_SIGN_STYLE = Automatic;
				DEVELOPMENT_TEAM = 23869FAP88;
				ONLY_ACTIVE_ARCH = NO;
				OTHER_LDFLAGS = "-ObjC";
				PRODUCT_NAME = "$(TARGET_NAME)";
				SKIP_INSTALL = YES;
				TARGETED_DEVICE_FAMILY = "1,2";
			};
			name = Release;
		};
		95F4A77B1F94ABE400B87CF2 /* Debug */ = {
			isa = XCBuildConfiguration;
			buildSettings = {
				CODE_SIGN_STYLE = Automatic;
				DEVELOPMENT_TEAM = 23869FAP88;
				INFOPLIST_FILE = Tests/Info.plist;
				IPHONEOS_DEPLOYMENT_TARGET = 11.0;
				LD_RUNPATH_SEARCH_PATHS = "$(inherited) @executable_path/Frameworks @loader_path/Frameworks";
				ONLY_ACTIVE_ARCH = YES;
				PRODUCT_BUNDLE_IDENTIFIER = SAM.Tests;
				PRODUCT_NAME = "$(TARGET_NAME)";
				TARGETED_DEVICE_FAMILY = "1,2";
			};
			name = Debug;
		};
		95F4A77C1F94ABE400B87CF2 /* Release */ = {
			isa = XCBuildConfiguration;
			buildSettings = {
				CODE_SIGN_STYLE = Automatic;
				DEVELOPMENT_TEAM = 23869FAP88;
				INFOPLIST_FILE = Tests/Info.plist;
				IPHONEOS_DEPLOYMENT_TARGET = 11.0;
				LD_RUNPATH_SEARCH_PATHS = "$(inherited) @executable_path/Frameworks @loader_path/Frameworks";
				PRODUCT_BUNDLE_IDENTIFIER = SAM.Tests;
				PRODUCT_NAME = "$(TARGET_NAME)";
				TARGETED_DEVICE_FAMILY = "1,2";
			};
			name = Release;
		};
/* End XCBuildConfiguration section */

/* Begin XCConfigurationList section */
		95F4A71A1F94A78800B87CF2 /* Build configuration list for PBXProject "SAMTC" */ = {
			isa = XCConfigurationList;
			buildConfigurations = (
				95F4A7261F94A78800B87CF2 /* Debug */,
				95F4A7271F94A78800B87CF2 /* Release */,
			);
			defaultConfigurationIsVisible = 0;
			defaultConfigurationName = Release;
		};
		95F4A7281F94A78800B87CF2 /* Build configuration list for PBXNativeTarget "SAMTC" */ = {
			isa = XCConfigurationList;
			buildConfigurations = (
				95F4A7291F94A78800B87CF2 /* Debug */,
				95F4A72A1F94A78800B87CF2 /* Release */,
			);
			defaultConfigurationIsVisible = 0;
			defaultConfigurationName = Release;
		};
		95F4A77D1F94ABE400B87CF2 /* Build configuration list for PBXNativeTarget "Tests" */ = {
			isa = XCConfigurationList;
			buildConfigurations = (
				95F4A77B1F94ABE400B87CF2 /* Debug */,
				95F4A77C1F94ABE400B87CF2 /* Release */,
			);
			defaultConfigurationIsVisible = 0;
			defaultConfigurationName = Release;
		};
/* End XCConfigurationList section */
	};
	rootObject = 95F4A7171F94A78800B87CF2 /* Project object */;
}
