// !$*UTF8*$!
{
	archiveVersion = 1;
	classes = {
	};
	objectVersion = 46;
	objects = {

/* Begin PBXBuildFile section */
		95B845851EFE7E6A00E09EEF /* main.m in Sources */ = {isa = PBXBuildFile; fileRef = 95B845841EFE7E6A00E09EEF /* main.m */; };
		95B845881EFE7E6A00E09EEF /* AppDelegate.m in Sources */ = {isa = PBXBuildFile; fileRef = 95B845871EFE7E6A00E09EEF /* AppDelegate.m */; };
		95B8458B1EFE7E6A00E09EEF /* ViewController.m in Sources */ = {isa = PBXBuildFile; fileRef = 95B8458A1EFE7E6A00E09EEF /* ViewController.m */; };
		95B8458E1EFE7E6A00E09EEF /* Main.storyboard in Resources */ = {isa = PBXBuildFile; fileRef = 95B8458C1EFE7E6A00E09EEF /* Main.storyboard */; };
		95B845901EFE7E6A00E09EEF /* Assets.xcassets in Resources */ = {isa = PBXBuildFile; fileRef = 95B8458F1EFE7E6A00E09EEF /* Assets.xcassets */; };
		95B845931EFE7E6A00E09EEF /* LaunchScreen.storyboard in Resources */ = {isa = PBXBuildFile; fileRef = 95B845911EFE7E6A00E09EEF /* LaunchScreen.storyboard */; };
		95B8459C1EFE7E8100E09EEF /* TEView.m in Sources */ = {isa = PBXBuildFile; fileRef = 95B8459B1EFE7E8100E09EEF /* TEView.m */; };
		95B8459F1EFE7FD200E09EEF /* TEView2.m in Sources */ = {isa = PBXBuildFile; fileRef = 95B8459E1EFE7FD200E09EEF /* TEView2.m */; };
		95B845A21EFE835C00E09EEF /* TEButton.m in Sources */ = {isa = PBXBuildFile; fileRef = 95B845A11EFE835C00E09EEF /* TEButton.m */; };
/* End PBXBuildFile section */

/* Begin PBXFileReference section */
		95B845801EFE7E6A00E09EEF /* TETouchHitTest.app */ = {isa = PBXFileReference; explicitFileType = wrapper.application; includeInIndex = 0; path = TETouchHitTest.app; sourceTree = BUILT_PRODUCTS_DIR; };
		95B845841EFE7E6A00E09EEF /* main.m */ = {isa = PBXFileReference; lastKnownFileType = sourcecode.c.objc; path = main.m; sourceTree = "<group>"; };
		95B845861EFE7E6A00E09EEF /* AppDelegate.h */ = {isa = PBXFileReference; lastKnownFileType = sourcecode.c.h; path = AppDelegate.h; sourceTree = "<group>"; };
		95B845871EFE7E6A00E09EEF /* AppDelegate.m */ = {isa = PBXFileReference; lastKnownFileType = sourcecode.c.objc; path = AppDelegate.m; sourceTree = "<group>"; };
		95B845891EFE7E6A00E09EEF /* ViewController.h */ = {isa = PBXFileReference; lastKnownFileType = sourcecode.c.h; path = ViewController.h; sourceTree = "<group>"; };
		95B8458A1EFE7E6A00E09EEF /* ViewController.m */ = {isa = PBXFileReference; lastKnownFileType = sourcecode.c.objc; path = ViewController.m; sourceTree = "<group>"; };
		95B8458D1EFE7E6A00E09EEF /* Base */ = {isa = PBXFileReference; lastKnownFileType = file.storyboard; name = Base; path = Base.lproj/Main.storyboard; sourceTree = "<group>"; };
		95B8458F1EFE7E6A00E09EEF /* Assets.xcassets */ = {isa = PBXFileReference; lastKnownFileType = folder.assetcatalog; path = Assets.xcassets; sourceTree = "<group>"; };
		95B845921EFE7E6A00E09EEF /* Base */ = {isa = PBXFileReference; lastKnownFileType = file.storyboard; name = Base; path = Base.lproj/LaunchScreen.storyboard; sourceTree = "<group>"; };
		95B845941EFE7E6A00E09EEF /* Info.plist */ = {isa = PBXFileReference; lastKnownFileType = text.plist.xml; path = Info.plist; sourceTree = "<group>"; };
		95B8459A1EFE7E8100E09EEF /* TEView.h */ = {isa = PBXFileReference; fileEncoding = 4; lastKnownFileType = sourcecode.c.h; path = TEView.h; sourceTree = "<group>"; };
		95B8459B1EFE7E8100E09EEF /* TEView.m */ = {isa = PBXFileReference; fileEncoding = 4; lastKnownFileType = sourcecode.c.objc; path = TEView.m; sourceTree = "<group>"; };
		95B8459D1EFE7FD200E09EEF /* TEView2.h */ = {isa = PBXFileReference; fileEncoding = 4; lastKnownFileType = sourcecode.c.h; path = TEView2.h; sourceTree = "<group>"; };
		95B8459E1EFE7FD200E09EEF /* TEView2.m */ = {isa = PBXFileReference; fileEncoding = 4; lastKnownFileType = sourcecode.c.objc; path = TEView2.m; sourceTree = "<group>"; };
		95B845A01EFE835C00E09EEF /* TEButton.h */ = {isa = PBXFileReference; fileEncoding = 4; lastKnownFileType = sourcecode.c.h; path = TEButton.h; sourceTree = "<group>"; };
		95B845A11EFE835C00E09EEF /* TEButton.m */ = {isa = PBXFileReference; fileEncoding = 4; lastKnownFileType = sourcecode.c.objc; path = TEButton.m; sourceTree = "<group>"; };
/* End PBXFileReference section */

/* Begin PBXFrameworksBuildPhase section */
		95B8457D1EFE7E6A00E09EEF /* Frameworks */ = {
			isa = PBXFrameworksBuildPhase;
			buildActionMask = 2147483647;
			files = (
			);
			runOnlyForDeploymentPostprocessing = 0;
		};
/* End PBXFrameworksBuildPhase section */

/* Begin PBXGroup section */
		95B845771EFE7E6A00E09EEF = {
			isa = PBXGroup;
			children = (
				95B845821EFE7E6A00E09EEF /* TETouchHitTest */,
				95B845811EFE7E6A00E09EEF /* Products */,
			);
			sourceTree = "<group>";
		};
		95B845811EFE7E6A00E09EEF /* Products */ = {
			isa = PBXGroup;
			children = (
				95B845801EFE7E6A00E09EEF /* TETouchHitTest.app */,
			);
			name = Products;
			sourceTree = "<group>";
		};
		95B845821EFE7E6A00E09EEF /* TETouchHitTest */ = {
			isa = PBXGroup;
			children = (
				95B845861EFE7E6A00E09EEF /* AppDelegate.h */,
				95B845871EFE7E6A00E09EEF /* AppDelegate.m */,
				95B845891EFE7E6A00E09EEF /* ViewController.h */,
				95B8458A1EFE7E6A00E09EEF /* ViewController.m */,
				95B8459A1EFE7E8100E09EEF /* TEView.h */,
				95B8459B1EFE7E8100E09EEF /* TEView.m */,
				95B8459D1EFE7FD200E09EEF /* TEView2.h */,
				95B8459E1EFE7FD200E09EEF /* TEView2.m */,
				95B845A01EFE835C00E09EEF /* TEButton.h */,
				95B845A11EFE835C00E09EEF /* TEButton.m */,
				95B8458C1EFE7E6A00E09EEF /* Main.storyboard */,
				95B8458F1EFE7E6A00E09EEF /* Assets.xcassets */,
				95B845911EFE7E6A00E09EEF /* LaunchScreen.storyboard */,
				95B845941EFE7E6A00E09EEF /* Info.plist */,
				95B845831EFE7E6A00E09EEF /* Supporting Files */,
			);
			path = TETouchHitTest;
			sourceTree = "<group>";
		};
		95B845831EFE7E6A00E09EEF /* Supporting Files */ = {
			isa = PBXGroup;
			children = (
				95B845841EFE7E6A00E09EEF /* main.m */,
			);
			name = "Supporting Files";
			sourceTree = "<group>";
		};
/* End PBXGroup section */

/* Begin PBXNativeTarget section */
		95B8457F1EFE7E6A00E09EEF /* TETouchHitTest */ = {
			isa = PBXNativeTarget;
			buildConfigurationList = 95B845971EFE7E6A00E09EEF /* Build configuration list for PBXNativeTarget "TETouchHitTest" */;
			buildPhases = (
				95B8457C1EFE7E6A00E09EEF /* Sources */,
				95B8457D1EFE7E6A00E09EEF /* Frameworks */,
				95B8457E1EFE7E6A00E09EEF /* Resources */,
			);
			buildRules = (
			);
			dependencies = (
			);
			name = TETouchHitTest;
			productName = TETouchHitTest;
			productReference = 95B845801EFE7E6A00E09EEF /* TETouchHitTest.app */;
			productType = "com.apple.product-type.application";
		};
/* End PBXNativeTarget section */

/* Begin PBXProject section */
		95B845781EFE7E6A00E09EEF /* Project object */ = {
			isa = PBXProject;
			attributes = {
				LastUpgradeCheck = 0830;
				ORGANIZATIONNAME = TE;
				TargetAttributes = {
					95B8457F1EFE7E6A00E09EEF = {
						CreatedOnToolsVersion = 8.3.3;
						DevelopmentTeam = 8ED2N2GBR7;
						ProvisioningStyle = Automatic;
					};
				};
			};
			buildConfigurationList = 95B8457B1EFE7E6A00E09EEF /* Build configuration list for PBXProject "TETouchHitTest" */;
			compatibilityVersion = "Xcode 3.2";
			developmentRegion = English;
			hasScannedForEncodings = 0;
			knownRegions = (
				en,
				Base,
			);
			mainGroup = 95B845771EFE7E6A00E09EEF;
			productRefGroup = 95B845811EFE7E6A00E09EEF /* Products */;
			projectDirPath = "";
			projectRoot = "";
			targets = (
				95B8457F1EFE7E6A00E09EEF /* TETouchHitTest */,
			);
		};
/* End PBXProject section */

/* Begin PBXResourcesBuildPhase section */
		95B8457E1EFE7E6A00E09EEF /* Resources */ = {
			isa = PBXResourcesBuildPhase;
			buildActionMask = 2147483647;
			files = (
				95B845931EFE7E6A00E09EEF /* LaunchScreen.storyboard in Resources */,
				95B845901EFE7E6A00E09EEF /* Assets.xcassets in Resources */,
				95B8458E1EFE7E6A00E09EEF /* Main.storyboard in Resources */,
			);
			runOnlyForDeploymentPostprocessing = 0;
		};
/* End PBXResourcesBuildPhase section */

/* Begin PBXSourcesBuildPhase section */
		95B8457C1EFE7E6A00E09EEF /* Sources */ = {
			isa = PBXSourcesBuildPhase;
			buildActionMask = 2147483647;
			files = (
				95B8458B1EFE7E6A00E09EEF /* ViewController.m in Sources */,
				95B845881EFE7E6A00E09EEF /* AppDelegate.m in Sources */,
				95B845851EFE7E6A00E09EEF /* main.m in Sources */,
				95B8459C1EFE7E8100E09EEF /* TEView.m in Sources */,
				95B845A21EFE835C00E09EEF /* TEButton.m in Sources */,
				95B8459F1EFE7FD200E09EEF /* TEView2.m in Sources */,
			);
			runOnlyForDeploymentPostprocessing = 0;
		};
/* End PBXSourcesBuildPhase section */

/* Begin PBXVariantGroup section */
		95B8458C1EFE7E6A00E09EEF /* Main.storyboard */ = {
			isa = PBXVariantGroup;
			children = (
				95B8458D1EFE7E6A00E09EEF /* Base */,
			);
			name = Main.storyboard;
			sourceTree = "<group>";
		};
		95B845911EFE7E6A00E09EEF /* LaunchScreen.storyboard */ = {
			isa = PBXVariantGroup;
			children = (
				95B845921EFE7E6A00E09EEF /* Base */,
			);
			name = LaunchScreen.storyboard;
			sourceTree = "<group>";
		};
/* End PBXVariantGroup section */

/* Begin XCBuildConfiguration section */
		95B845951EFE7E6A00E09EEF /* Debug */ = {
			isa = XCBuildConfiguration;
			buildSettings = {
				ALWAYS_SEARCH_USER_PATHS = NO;
				CLANG_ANALYZER_NONNULL = YES;
				CLANG_ANALYZER_NUMBER_OBJECT_CONVERSION = YES_AGGRESSIVE;
				CLANG_CXX_LANGUAGE_STANDARD = "gnu++0x";
				CLANG_CXX_LIBRARY = "libc++";
				CLANG_ENABLE_MODULES = YES;
				CLANG_ENABLE_OBJC_ARC = YES;
				CLANG_WARN_BOOL_CONVERSION = YES;
				CLANG_WARN_CONSTANT_CONVERSION = YES;
				CLANG_WARN_DIRECT_OBJC_ISA_USAGE = YES_ERROR;
				CLANG_WARN_DOCUMENTATION_COMMENTS = YES;
				CLANG_WARN_EMPTY_BODY = YES;
				CLANG_WARN_ENUM_CONVERSION = YES;
				CLANG_WARN_INFINITE_RECURSION = YES;
				CLANG_WARN_INT_CONVERSION = YES;
				CLANG_WARN_OBJC_ROOT_CLASS = YES_ERROR;
				CLANG_WARN_SUSPICIOUS_MOVE = YES;
				CLANG_WARN_UNREACHABLE_CODE = YES;
				CLANG_WARN__DUPLICATE_METHOD_MATCH = YES;
				"CODE_SIGN_IDENTITY[sdk=iphoneos*]" = "iPhone Developer";
				COPY_PHASE_STRIP = NO;
				DEBUG_INFORMATION_FORMAT = dwarf;
				ENABLE_STRICT_OBJC_MSGSEND = YES;
				ENABLE_TESTABILITY = YES;
				GCC_C_LANGUAGE_STANDARD = gnu99;
				GCC_DYNAMIC_NO_PIC = NO;
				GCC_NO_COMMON_BLOCKS = YES;
				GCC_OPTIMIZATION_LEVEL = 0;
				GCC_PREPROCESSOR_DEFINITIONS = (
					"DEBUG=1",
					"$(inherited)",
				);
				GCC_WARN_64_TO_32_BIT_CONVERSION = YES;
				GCC_WARN_ABOUT_RETURN_TYPE = YES_ERROR;
				GCC_WARN_UNDECLARED_SELECTOR = YES;
				GCC_WARN_UNINITIALIZED_AUTOS = YES_AGGRESSIVE;
				GCC_WARN_UNUSED_FUNCTION = YES;
				GCC_WARN_UNUSED_VARIABLE = YES;
				IPHONEOS_DEPLOYMENT_TARGET = 10.3;
				MTL_ENABLE_DEBUG_INFO = YES;
				ONLY_ACTIVE_ARCH = YES;
				SDKROOT = iphoneos;
				TARGETED_DEVICE_FAMILY = "1,2";
			};
			name = Debug;
		};
		95B845961EFE7E6A00E09EEF /* Release */ = {
			isa = XCBuildConfiguration;
			buildSettings = {
				ALWAYS_SEARCH_USER_PATHS = NO;
				CLANG_ANALYZER_NONNULL = YES;
				CLANG_ANALYZER_NUMBER_OBJECT_CONVERSION = YES_AGGRESSIVE;
				CLANG_CXX_LANGUAGE_STANDARD = "gnu++0x";
				CLANG_CXX_LIBRARY = "libc++";
				CLANG_ENABLE_MODULES = YES;
				CLANG_ENABLE_OBJC_ARC = YES;
				CLANG_WARN_BOOL_CONVERSION = YES;
				CLANG_WARN_CONSTANT_CONVERSION = YES;
				CLANG_WARN_DIRECT_OBJC_ISA_USAGE = YES_ERROR;
				CLANG_WARN_DOCUMENTATION_COMMENTS = YES;
				CLANG_WARN_EMPTY_BODY = YES;
				CLANG_WARN_ENUM_CONVERSION = YES;
				CLANG_WARN_INFINITE_RECURSION = YES;
				CLANG_WARN_INT_CONVERSION = YES;
				CLANG_WARN_OBJC_ROOT_CLASS = YES_ERROR;
				CLANG_WARN_SUSPICIOUS_MOVE = YES;
				CLANG_WARN_UNREACHABLE_CODE = YES;
				CLANG_WARN__DUPLICATE_METHOD_MATCH = YES;
				"CODE_SIGN_IDENTITY[sdk=iphoneos*]" = "iPhone Developer";
				COPY_PHASE_STRIP = NO;
				DEBUG_INFORMATION_FORMAT = "dwarf-with-dsym";
				ENABLE_NS_ASSERTIONS = NO;
				ENABLE_STRICT_OBJC_MSGSEND = YES;
				GCC_C_LANGUAGE_STANDARD = gnu99;
				GCC_NO_COMMON_BLOCKS = YES;
				GCC_WARN_64_TO_32_BIT_CONVERSION = YES;
				GCC_WARN_ABOUT_RETURN_TYPE = YES_ERROR;
				GCC_WARN_UNDECLARED_SELECTOR = YES;
				GCC_WARN_UNINITIALIZED_AUTOS = YES_AGGRESSIVE;
				GCC_WARN_UNUSED_FUNCTION = YES;
				GCC_WARN_UNUSED_VARIABLE = YES;
				IPHONEOS_DEPLOYMENT_TARGET = 10.3;
				MTL_ENABLE_DEBUG_INFO = NO;
				SDKROOT = iphoneos;
				TARGETED_DEVICE_FAMILY = "1,2";
				VALIDATE_PRODUCT = YES;
			};
			name = Release;
		};
		95B845981EFE7E6A00E09EEF /* Debug */ = {
			isa = XCBuildConfiguration;
			buildSettings = {
				ASSETCATALOG_COMPILER_APPICON_NAME = AppIcon;
				DEVELOPMENT_TEAM = 8ED2N2GBR7;
				INFOPLIST_FILE = TETouchHitTest/Info.plist;
				LD_RUNPATH_SEARCH_PATHS = "$(inherited) @executable_path/Frameworks";
				PRODUCT_BUNDLE_IDENTIFIER = TE.TETouchHitTest;
				PRODUCT_NAME = "$(TARGET_NAME)";
			};
			name = Debug;
		};
		95B845991EFE7E6A00E09EEF /* Release */ = {
			isa = XCBuildConfiguration;
			buildSettings = {
				ASSETCATALOG_COMPILER_APPICON_NAME = AppIcon;
				DEVELOPMENT_TEAM = 8ED2N2GBR7;
				INFOPLIST_FILE = TETouchHitTest/Info.plist;
				LD_RUNPATH_SEARCH_PATHS = "$(inherited) @executable_path/Frameworks";
				PRODUCT_BUNDLE_IDENTIFIER = TE.TETouchHitTest;
				PRODUCT_NAME = "$(TARGET_NAME)";
			};
			name = Release;
		};
/* End XCBuildConfiguration section */

/* Begin XCConfigurationList section */
		95B8457B1EFE7E6A00E09EEF /* Build configuration list for PBXProject "TETouchHitTest" */ = {
			isa = XCConfigurationList;
			buildConfigurations = (
				95B845951EFE7E6A00E09EEF /* Debug */,
				95B845961EFE7E6A00E09EEF /* Release */,
			);
			defaultConfigurationIsVisible = 0;
			defaultConfigurationName = Release;
		};
		95B845971EFE7E6A00E09EEF /* Build configuration list for PBXNativeTarget "TETouchHitTest" */ = {
			isa = XCConfigurationList;
			buildConfigurations = (
				95B845981EFE7E6A00E09EEF /* Debug */,
				95B845991EFE7E6A00E09EEF /* Release */,
			);
			defaultConfigurationIsVisible = 0;
		};
/* End XCConfigurationList section */
	};
	rootObject = 95B845781EFE7E6A00E09EEF /* Project object */;
}
