// !$*UTF8*$!
{
	archiveVersion = 1;
	classes = {
	};
	objectVersion = 46;
	objects = {

/* Begin PBXBuildFile section */
		95357CBB1EE9768800C10963 /* main.m in Sources */ = {isa = PBXBuildFile; fileRef = 95357CBA1EE9768800C10963 /* main.m */; };
		95357CBE1EE9768800C10963 /* AppDelegate.m in Sources */ = {isa = PBXBuildFile; fileRef = 95357CBD1EE9768800C10963 /* AppDelegate.m */; };
		95357CC11EE9768800C10963 /* ViewController.m in Sources */ = {isa = PBXBuildFile; fileRef = 95357CC01EE9768800C10963 /* ViewController.m */; };
		95357CC41EE9768800C10963 /* Main.storyboard in Resources */ = {isa = PBXBuildFile; fileRef = 95357CC21EE9768800C10963 /* Main.storyboard */; };
		95357CC61EE9768800C10963 /* Assets.xcassets in Resources */ = {isa = PBXBuildFile; fileRef = 95357CC51EE9768800C10963 /* Assets.xcassets */; };
		95357CC91EE9768800C10963 /* LaunchScreen.storyboard in Resources */ = {isa = PBXBuildFile; fileRef = 95357CC71EE9768800C10963 /* LaunchScreen.storyboard */; };
		95357CD21EE976A400C10963 /* ViewController2.m in Sources */ = {isa = PBXBuildFile; fileRef = 95357CD11EE976A400C10963 /* ViewController2.m */; };
/* End PBXBuildFile section */

/* Begin PBXFileReference section */
		95357CB61EE9768800C10963 /* TENavigationChildVC.app */ = {isa = PBXFileReference; explicitFileType = wrapper.application; includeInIndex = 0; path = TENavigationChildVC.app; sourceTree = BUILT_PRODUCTS_DIR; };
		95357CBA1EE9768800C10963 /* main.m */ = {isa = PBXFileReference; lastKnownFileType = sourcecode.c.objc; path = main.m; sourceTree = "<group>"; };
		95357CBC1EE9768800C10963 /* AppDelegate.h */ = {isa = PBXFileReference; lastKnownFileType = sourcecode.c.h; path = AppDelegate.h; sourceTree = "<group>"; };
		95357CBD1EE9768800C10963 /* AppDelegate.m */ = {isa = PBXFileReference; lastKnownFileType = sourcecode.c.objc; path = AppDelegate.m; sourceTree = "<group>"; };
		95357CBF1EE9768800C10963 /* ViewController.h */ = {isa = PBXFileReference; lastKnownFileType = sourcecode.c.h; path = ViewController.h; sourceTree = "<group>"; };
		95357CC01EE9768800C10963 /* ViewController.m */ = {isa = PBXFileReference; lastKnownFileType = sourcecode.c.objc; path = ViewController.m; sourceTree = "<group>"; };
		95357CC31EE9768800C10963 /* Base */ = {isa = PBXFileReference; lastKnownFileType = file.storyboard; name = Base; path = Base.lproj/Main.storyboard; sourceTree = "<group>"; };
		95357CC51EE9768800C10963 /* Assets.xcassets */ = {isa = PBXFileReference; lastKnownFileType = folder.assetcatalog; path = Assets.xcassets; sourceTree = "<group>"; };
		95357CC81EE9768800C10963 /* Base */ = {isa = PBXFileReference; lastKnownFileType = file.storyboard; name = Base; path = Base.lproj/LaunchScreen.storyboard; sourceTree = "<group>"; };
		95357CCA1EE9768800C10963 /* Info.plist */ = {isa = PBXFileReference; lastKnownFileType = text.plist.xml; path = Info.plist; sourceTree = "<group>"; };
		95357CD01EE976A400C10963 /* ViewController2.h */ = {isa = PBXFileReference; fileEncoding = 4; lastKnownFileType = sourcecode.c.h; path = ViewController2.h; sourceTree = "<group>"; };
		95357CD11EE976A400C10963 /* ViewController2.m */ = {isa = PBXFileReference; fileEncoding = 4; lastKnownFileType = sourcecode.c.objc; path = ViewController2.m; sourceTree = "<group>"; };
/* End PBXFileReference section */

/* Begin PBXFrameworksBuildPhase section */
		95357CB31EE9768800C10963 /* Frameworks */ = {
			isa = PBXFrameworksBuildPhase;
			buildActionMask = 2147483647;
			files = (
			);
			runOnlyForDeploymentPostprocessing = 0;
		};
/* End PBXFrameworksBuildPhase section */

/* Begin PBXGroup section */
		95357CAD1EE9768800C10963 = {
			isa = PBXGroup;
			children = (
				95357CB81EE9768800C10963 /* TENavigationChildVC */,
				95357CB71EE9768800C10963 /* Products */,
			);
			sourceTree = "<group>";
		};
		95357CB71EE9768800C10963 /* Products */ = {
			isa = PBXGroup;
			children = (
				95357CB61EE9768800C10963 /* TENavigationChildVC.app */,
			);
			name = Products;
			sourceTree = "<group>";
		};
		95357CB81EE9768800C10963 /* TENavigationChildVC */ = {
			isa = PBXGroup;
			children = (
				95357CBC1EE9768800C10963 /* AppDelegate.h */,
				95357CBD1EE9768800C10963 /* AppDelegate.m */,
				95357CBF1EE9768800C10963 /* ViewController.h */,
				95357CC01EE9768800C10963 /* ViewController.m */,
				95357CD01EE976A400C10963 /* ViewController2.h */,
				95357CD11EE976A400C10963 /* ViewController2.m */,
				95357CC21EE9768800C10963 /* Main.storyboard */,
				95357CC51EE9768800C10963 /* Assets.xcassets */,
				95357CC71EE9768800C10963 /* LaunchScreen.storyboard */,
				95357CCA1EE9768800C10963 /* Info.plist */,
				95357CB91EE9768800C10963 /* Supporting Files */,
			);
			path = TENavigationChildVC;
			sourceTree = "<group>";
		};
		95357CB91EE9768800C10963 /* Supporting Files */ = {
			isa = PBXGroup;
			children = (
				95357CBA1EE9768800C10963 /* main.m */,
			);
			name = "Supporting Files";
			sourceTree = "<group>";
		};
/* End PBXGroup section */

/* Begin PBXNativeTarget section */
		95357CB51EE9768800C10963 /* TENavigationChildVC */ = {
			isa = PBXNativeTarget;
			buildConfigurationList = 95357CCD1EE9768800C10963 /* Build configuration list for PBXNativeTarget "TENavigationChildVC" */;
			buildPhases = (
				95357CB21EE9768800C10963 /* Sources */,
				95357CB31EE9768800C10963 /* Frameworks */,
				95357CB41EE9768800C10963 /* Resources */,
			);
			buildRules = (
			);
			dependencies = (
			);
			name = TENavigationChildVC;
			productName = TENavigationChildVC;
			productReference = 95357CB61EE9768800C10963 /* TENavigationChildVC.app */;
			productType = "com.apple.product-type.application";
		};
/* End PBXNativeTarget section */

/* Begin PBXProject section */
		95357CAE1EE9768800C10963 /* Project object */ = {
			isa = PBXProject;
			attributes = {
				LastUpgradeCheck = 0830;
				ORGANIZATIONNAME = TE;
				TargetAttributes = {
					95357CB51EE9768800C10963 = {
						CreatedOnToolsVersion = 8.3.2;
						DevelopmentTeam = 8ED2N2GBR7;
						ProvisioningStyle = Automatic;
					};
				};
			};
			buildConfigurationList = 95357CB11EE9768800C10963 /* Build configuration list for PBXProject "TENavigationChildVC" */;
			compatibilityVersion = "Xcode 3.2";
			developmentRegion = English;
			hasScannedForEncodings = 0;
			knownRegions = (
				en,
				Base,
			);
			mainGroup = 95357CAD1EE9768800C10963;
			productRefGroup = 95357CB71EE9768800C10963 /* Products */;
			projectDirPath = "";
			projectRoot = "";
			targets = (
				95357CB51EE9768800C10963 /* TENavigationChildVC */,
			);
		};
/* End PBXProject section */

/* Begin PBXResourcesBuildPhase section */
		95357CB41EE9768800C10963 /* Resources */ = {
			isa = PBXResourcesBuildPhase;
			buildActionMask = 2147483647;
			files = (
				95357CC91EE9768800C10963 /* LaunchScreen.storyboard in Resources */,
				95357CC61EE9768800C10963 /* Assets.xcassets in Resources */,
				95357CC41EE9768800C10963 /* Main.storyboard in Resources */,
			);
			runOnlyForDeploymentPostprocessing = 0;
		};
/* End PBXResourcesBuildPhase section */

/* Begin PBXSourcesBuildPhase section */
		95357CB21EE9768800C10963 /* Sources */ = {
			isa = PBXSourcesBuildPhase;
			buildActionMask = 2147483647;
			files = (
				95357CC11EE9768800C10963 /* ViewController.m in Sources */,
				95357CD21EE976A400C10963 /* ViewController2.m in Sources */,
				95357CBE1EE9768800C10963 /* AppDelegate.m in Sources */,
				95357CBB1EE9768800C10963 /* main.m in Sources */,
			);
			runOnlyForDeploymentPostprocessing = 0;
		};
/* End PBXSourcesBuildPhase section */

/* Begin PBXVariantGroup section */
		95357CC21EE9768800C10963 /* Main.storyboard */ = {
			isa = PBXVariantGroup;
			children = (
				95357CC31EE9768800C10963 /* Base */,
			);
			name = Main.storyboard;
			sourceTree = "<group>";
		};
		95357CC71EE9768800C10963 /* LaunchScreen.storyboard */ = {
			isa = PBXVariantGroup;
			children = (
				95357CC81EE9768800C10963 /* Base */,
			);
			name = LaunchScreen.storyboard;
			sourceTree = "<group>";
		};
/* End PBXVariantGroup section */

/* Begin XCBuildConfiguration section */
		95357CCB1EE9768800C10963 /* Debug */ = {
			isa = XCBuildConfiguration;
			buildSettings = {
				ALWAYS_SEARCH_USER_PATHS = NO;
				CLANG_ANALYZER_NONNULL = YES;
				CLANG_ANALYZER_NUMBER_OBJECT_CONVERSION = YES_AGGRESSIVE;
				CLANG_CXX_LANGUAGE_STANDARD = "gnu++0x";
				CLANG_CXX_LIBRARY = "libc++";
				CLANG_ENABLE_MODULES = YES;
				CLANG_ENABLE_OBJC_ARC = YES;
				CLANG_WARN_BOOL_CONVERSION = YES;
				CLANG_WARN_CONSTANT_CONVERSION = YES;
				CLANG_WARN_DIRECT_OBJC_ISA_USAGE = YES_ERROR;
				CLANG_WARN_DOCUMENTATION_COMMENTS = YES;
				CLANG_WARN_EMPTY_BODY = YES;
				CLANG_WARN_ENUM_CONVERSION = YES;
				CLANG_WARN_INFINITE_RECURSION = YES;
				CLANG_WARN_INT_CONVERSION = YES;
				CLANG_WARN_OBJC_ROOT_CLASS = YES_ERROR;
				CLANG_WARN_SUSPICIOUS_MOVE = YES;
				CLANG_WARN_UNREACHABLE_CODE = YES;
				CLANG_WARN__DUPLICATE_METHOD_MATCH = YES;
				"CODE_SIGN_IDENTITY[sdk=iphoneos*]" = "iPhone Developer";
				COPY_PHASE_STRIP = NO;
				DEBUG_INFORMATION_FORMAT = dwarf;
				ENABLE_STRICT_OBJC_MSGSEND = YES;
				ENABLE_TESTABILITY = YES;
				GCC_C_LANGUAGE_STANDARD = gnu99;
				GCC_DYNAMIC_NO_PIC = NO;
				GCC_NO_COMMON_BLOCKS = YES;
				GCC_OPTIMIZATION_LEVEL = 0;
				GCC_PREPROCESSOR_DEFINITIONS = (
					"DEBUG=1",
					"$(inherited)",
				);
				GCC_WARN_64_TO_32_BIT_CONVERSION = YES;
				GCC_WARN_ABOUT_RETURN_TYPE = YES_ERROR;
				GCC_WARN_UNDECLARED_SELECTOR = YES;
				GCC_WARN_UNINITIALIZED_AUTOS = YES_AGGRESSIVE;
				GCC_WARN_UNUSED_FUNCTION = YES;
				GCC_WARN_UNUSED_VARIABLE = YES;
				IPHONEOS_DEPLOYMENT_TARGET = 10.3;
				MTL_ENABLE_DEBUG_INFO = YES;
				ONLY_ACTIVE_ARCH = YES;
				SDKROOT = iphoneos;
				TARGETED_DEVICE_FAMILY = "1,2";
			};
			name = Debug;
		};
		95357CCC1EE9768800C10963 /* Release */ = {
			isa = XCBuildConfiguration;
			buildSettings = {
				ALWAYS_SEARCH_USER_PATHS = NO;
				CLANG_ANALYZER_NONNULL = YES;
				CLANG_ANALYZER_NUMBER_OBJECT_CONVERSION = YES_AGGRESSIVE;
				CLANG_CXX_LANGUAGE_STANDARD = "gnu++0x";
				CLANG_CXX_LIBRARY = "libc++";
				CLANG_ENABLE_MODULES = YES;
				CLANG_ENABLE_OBJC_ARC = YES;
				CLANG_WARN_BOOL_CONVERSION = YES;
				CLANG_WARN_CONSTANT_CONVERSION = YES;
				CLANG_WARN_DIRECT_OBJC_ISA_USAGE = YES_ERROR;
				CLANG_WARN_DOCUMENTATION_COMMENTS = YES;
				CLANG_WARN_EMPTY_BODY = YES;
				CLANG_WARN_ENUM_CONVERSION = YES;
				CLANG_WARN_INFINITE_RECURSION = YES;
				CLANG_WARN_INT_CONVERSION = YES;
				CLANG_WARN_OBJC_ROOT_CLASS = YES_ERROR;
				CLANG_WARN_SUSPICIOUS_MOVE = YES;
				CLANG_WARN_UNREACHABLE_CODE = YES;
				CLANG_WARN__DUPLICATE_METHOD_MATCH = YES;
				"CODE_SIGN_IDENTITY[sdk=iphoneos*]" = "iPhone Developer";
				COPY_PHASE_STRIP = NO;
				DEBUG_INFORMATION_FORMAT = "dwarf-with-dsym";
				ENABLE_NS_ASSERTIONS = NO;
				ENABLE_STRICT_OBJC_MSGSEND = YES;
				GCC_C_LANGUAGE_STANDARD = gnu99;
				GCC_NO_COMMON_BLOCKS = YES;
				GCC_WARN_64_TO_32_BIT_CONVERSION = YES;
				GCC_WARN_ABOUT_RETURN_TYPE = YES_ERROR;
				GCC_WARN_UNDECLARED_SELECTOR = YES;
				GCC_WARN_UNINITIALIZED_AUTOS = YES_AGGRESSIVE;
				GCC_WARN_UNUSED_FUNCTION = YES;
				GCC_WARN_UNUSED_VARIABLE = YES;
				IPHONEOS_DEPLOYMENT_TARGET = 10.3;
				MTL_ENABLE_DEBUG_INFO = NO;
				SDKROOT = iphoneos;
				TARGETED_DEVICE_FAMILY = "1,2";
				VALIDATE_PRODUCT = YES;
			};
			name = Release;
		};
		95357CCE1EE9768800C10963 /* Debug */ = {
			isa = XCBuildConfiguration;
			buildSettings = {
				ASSETCATALOG_COMPILER_APPICON_NAME = AppIcon;
				DEVELOPMENT_TEAM = 8ED2N2GBR7;
				INFOPLIST_FILE = TENavigationChildVC/Info.plist;
				LD_RUNPATH_SEARCH_PATHS = "$(inherited) @executable_path/Frameworks";
				PRODUCT_BUNDLE_IDENTIFIER = TE.TENavigationChildVC;
				PRODUCT_NAME = "$(TARGET_NAME)";
			};
			name = Debug;
		};
		95357CCF1EE9768800C10963 /* Release */ = {
			isa = XCBuildConfiguration;
			buildSettings = {
				ASSETCATALOG_COMPILER_APPICON_NAME = AppIcon;
				DEVELOPMENT_TEAM = 8ED2N2GBR7;
				INFOPLIST_FILE = TENavigationChildVC/Info.plist;
				LD_RUNPATH_SEARCH_PATHS = "$(inherited) @executable_path/Frameworks";
				PRODUCT_BUNDLE_IDENTIFIER = TE.TENavigationChildVC;
				PRODUCT_NAME = "$(TARGET_NAME)";
			};
			name = Release;
		};
/* End XCBuildConfiguration section */

/* Begin XCConfigurationList section */
		95357CB11EE9768800C10963 /* Build configuration list for PBXProject "TENavigationChildVC" */ = {
			isa = XCConfigurationList;
			buildConfigurations = (
				95357CCB1EE9768800C10963 /* Debug */,
				95357CCC1EE9768800C10963 /* Release */,
			);
			defaultConfigurationIsVisible = 0;
			defaultConfigurationName = Release;
		};
		95357CCD1EE9768800C10963 /* Build configuration list for PBXNativeTarget "TENavigationChildVC" */ = {
			isa = XCConfigurationList;
			buildConfigurations = (
				95357CCE1EE9768800C10963 /* Debug */,
				95357CCF1EE9768800C10963 /* Release */,
			);
			defaultConfigurationIsVisible = 0;
		};
/* End XCConfigurationList section */
	};
	rootObject = 95357CAE1EE9768800C10963 /* Project object */;
}
