// !$*UTF8*$!
{
	archiveVersion = 1;
	classes = {
	};
	objectVersion = 48;
	objects = {

/* Begin PBXBuildFile section */
		958161D81F6F6FFA00E410D2 /* AppDelegate.swift in Sources */ = {isa = PBXBuildFile; fileRef = 958161D71F6F6FFA00E410D2 /* AppDelegate.swift */; };
		958161DA1F6F6FFA00E410D2 /* art.scnassets in Resources */ = {isa = PBXBuildFile; fileRef = 958161D91F6F6FFA00E410D2 /* art.scnassets */; };
		958161DC1F6F6FFA00E410D2 /* ViewController.swift in Sources */ = {isa = PBXBuildFile; fileRef = 958161DB1F6F6FFA00E410D2 /* ViewController.swift */; };
		958161DF1F6F6FFA00E410D2 /* Main.storyboard in Resources */ = {isa = PBXBuildFile; fileRef = 958161DD1F6F6FFA00E410D2 /* Main.storyboard */; };
		958161E11F6F6FFA00E410D2 /* Assets.xcassets in Resources */ = {isa = PBXBuildFile; fileRef = 958161E01F6F6FFA00E410D2 /* Assets.xcassets */; };
		958161E41F6F6FFA00E410D2 /* LaunchScreen.storyboard in Resources */ = {isa = PBXBuildFile; fileRef = 958161E21F6F6FFA00E410D2 /* LaunchScreen.storyboard */; };
		958161EC1F6F710F00E410D2 /* SceneKit Scene.scn in Resources */ = {isa = PBXBuildFile; fileRef = 958161EB1F6F710F00E410D2 /* SceneKit Scene.scn */; };
		958161EF1F6F73D700E410D2 /* OpenGLES.framework in Frameworks */ = {isa = PBXBuildFile; fileRef = 958161EE1F6F73D700E410D2 /* OpenGLES.framework */; };
/* End PBXBuildFile section */

/* Begin PBXFileReference section */
		958161D41F6F6FFA00E410D2 /* TEI11Ar.app */ = {isa = PBXFileReference; explicitFileType = wrapper.application; includeInIndex = 0; path = TEI11Ar.app; sourceTree = BUILT_PRODUCTS_DIR; };
		958161D71F6F6FFA00E410D2 /* AppDelegate.swift */ = {isa = PBXFileReference; lastKnownFileType = sourcecode.swift; path = AppDelegate.swift; sourceTree = "<group>"; };
		958161D91F6F6FFA00E410D2 /* art.scnassets */ = {isa = PBXFileReference; lastKnownFileType = wrapper.scnassets; path = art.scnassets; sourceTree = "<group>"; };
		958161DB1F6F6FFA00E410D2 /* ViewController.swift */ = {isa = PBXFileReference; lastKnownFileType = sourcecode.swift; path = ViewController.swift; sourceTree = "<group>"; };
		958161DE1F6F6FFA00E410D2 /* Base */ = {isa = PBXFileReference; lastKnownFileType = file.storyboard; name = Base; path = Base.lproj/Main.storyboard; sourceTree = "<group>"; };
		958161E01F6F6FFA00E410D2 /* Assets.xcassets */ = {isa = PBXFileReference; lastKnownFileType = folder.assetcatalog; path = Assets.xcassets; sourceTree = "<group>"; };
		958161E31F6F6FFA00E410D2 /* Base */ = {isa = PBXFileReference; lastKnownFileType = file.storyboard; name = Base; path = Base.lproj/LaunchScreen.storyboard; sourceTree = "<group>"; };
		958161E51F6F6FFA00E410D2 /* Info.plist */ = {isa = PBXFileReference; lastKnownFileType = text.plist.xml; path = Info.plist; sourceTree = "<group>"; };
		958161EB1F6F710F00E410D2 /* SceneKit Scene.scn */ = {isa = PBXFileReference; lastKnownFileType = file.bplist; path = "SceneKit Scene.scn"; sourceTree = "<group>"; };
		958161EE1F6F73D700E410D2 /* OpenGLES.framework */ = {isa = PBXFileReference; lastKnownFileType = wrapper.framework; name = OpenGLES.framework; path = System/Library/Frameworks/OpenGLES.framework; sourceTree = SDKROOT; };
/* End PBXFileReference section */

/* Begin PBXFrameworksBuildPhase section */
		958161D11F6F6FFA00E410D2 /* Frameworks */ = {
			isa = PBXFrameworksBuildPhase;
			buildActionMask = 2147483647;
			files = (
				958161EF1F6F73D700E410D2 /* OpenGLES.framework in Frameworks */,
			);
			runOnlyForDeploymentPostprocessing = 0;
		};
/* End PBXFrameworksBuildPhase section */

/* Begin PBXGroup section */
		958161CB1F6F6FFA00E410D2 = {
			isa = PBXGroup;
			children = (
				958161D61F6F6FFA00E410D2 /* TEI11Ar */,
				958161D51F6F6FFA00E410D2 /* Products */,
				958161ED1F6F73D700E410D2 /* Frameworks */,
			);
			sourceTree = "<group>";
		};
		958161D51F6F6FFA00E410D2 /* Products */ = {
			isa = PBXGroup;
			children = (
				958161D41F6F6FFA00E410D2 /* TEI11Ar.app */,
			);
			name = Products;
			sourceTree = "<group>";
		};
		958161D61F6F6FFA00E410D2 /* TEI11Ar */ = {
			isa = PBXGroup;
			children = (
				958161D71F6F6FFA00E410D2 /* AppDelegate.swift */,
				958161EB1F6F710F00E410D2 /* SceneKit Scene.scn */,
				958161D91F6F6FFA00E410D2 /* art.scnassets */,
				958161DB1F6F6FFA00E410D2 /* ViewController.swift */,
				958161DD1F6F6FFA00E410D2 /* Main.storyboard */,
				958161E01F6F6FFA00E410D2 /* Assets.xcassets */,
				958161E21F6F6FFA00E410D2 /* LaunchScreen.storyboard */,
				958161E51F6F6FFA00E410D2 /* Info.plist */,
			);
			path = TEI11Ar;
			sourceTree = "<group>";
		};
		958161ED1F6F73D700E410D2 /* Frameworks */ = {
			isa = PBXGroup;
			children = (
				958161EE1F6F73D700E410D2 /* OpenGLES.framework */,
			);
			name = Frameworks;
			sourceTree = "<group>";
		};
/* End PBXGroup section */

/* Begin PBXNativeTarget section */
		958161D31F6F6FFA00E410D2 /* TEI11Ar */ = {
			isa = PBXNativeTarget;
			buildConfigurationList = 958161E81F6F6FFA00E410D2 /* Build configuration list for PBXNativeTarget "TEI11Ar" */;
			buildPhases = (
				958161D01F6F6FFA00E410D2 /* Sources */,
				958161D11F6F6FFA00E410D2 /* Frameworks */,
				958161D21F6F6FFA00E410D2 /* Resources */,
			);
			buildRules = (
			);
			dependencies = (
			);
			name = TEI11Ar;
			productName = TEI11Ar;
			productReference = 958161D41F6F6FFA00E410D2 /* TEI11Ar.app */;
			productType = "com.apple.product-type.application";
		};
/* End PBXNativeTarget section */

/* Begin PBXProject section */
		958161CC1F6F6FFA00E410D2 /* Project object */ = {
			isa = PBXProject;
			attributes = {
				LastSwiftUpdateCheck = 0900;
				LastUpgradeCheck = 0900;
				ORGANIZATIONNAME = SAM;
				TargetAttributes = {
					958161D31F6F6FFA00E410D2 = {
						CreatedOnToolsVersion = 9.0;
						ProvisioningStyle = Automatic;
					};
				};
			};
			buildConfigurationList = 958161CF1F6F6FFA00E410D2 /* Build configuration list for PBXProject "TEI11Ar" */;
			compatibilityVersion = "Xcode 8.0";
			developmentRegion = en;
			hasScannedForEncodings = 0;
			knownRegions = (
				en,
				Base,
			);
			mainGroup = 958161CB1F6F6FFA00E410D2;
			productRefGroup = 958161D51F6F6FFA00E410D2 /* Products */;
			projectDirPath = "";
			projectRoot = "";
			targets = (
				958161D31F6F6FFA00E410D2 /* TEI11Ar */,
			);
		};
/* End PBXProject section */

/* Begin PBXResourcesBuildPhase section */
		958161D21F6F6FFA00E410D2 /* Resources */ = {
			isa = PBXResourcesBuildPhase;
			buildActionMask = 2147483647;
			files = (
				958161DA1F6F6FFA00E410D2 /* art.scnassets in Resources */,
				958161EC1F6F710F00E410D2 /* SceneKit Scene.scn in Resources */,
				958161E41F6F6FFA00E410D2 /* LaunchScreen.storyboard in Resources */,
				958161E11F6F6FFA00E410D2 /* Assets.xcassets in Resources */,
				958161DF1F6F6FFA00E410D2 /* Main.storyboard in Resources */,
			);
			runOnlyForDeploymentPostprocessing = 0;
		};
/* End PBXResourcesBuildPhase section */

/* Begin PBXSourcesBuildPhase section */
		958161D01F6F6FFA00E410D2 /* Sources */ = {
			isa = PBXSourcesBuildPhase;
			buildActionMask = 2147483647;
			files = (
				958161DC1F6F6FFA00E410D2 /* ViewController.swift in Sources */,
				958161D81F6F6FFA00E410D2 /* AppDelegate.swift in Sources */,
			);
			runOnlyForDeploymentPostprocessing = 0;
		};
/* End PBXSourcesBuildPhase section */

/* Begin PBXVariantGroup section */
		958161DD1F6F6FFA00E410D2 /* Main.storyboard */ = {
			isa = PBXVariantGroup;
			children = (
				958161DE1F6F6FFA00E410D2 /* Base */,
			);
			name = Main.storyboard;
			sourceTree = "<group>";
		};
		958161E21F6F6FFA00E410D2 /* LaunchScreen.storyboard */ = {
			isa = PBXVariantGroup;
			children = (
				958161E31F6F6FFA00E410D2 /* Base */,
			);
			name = LaunchScreen.storyboard;
			sourceTree = "<group>";
		};
/* End PBXVariantGroup section */

/* Begin XCBuildConfiguration section */
		958161E61F6F6FFA00E410D2 /* Debug */ = {
			isa = XCBuildConfiguration;
			buildSettings = {
				ALWAYS_SEARCH_USER_PATHS = NO;
				CLANG_ANALYZER_NONNULL = YES;
				CLANG_ANALYZER_NUMBER_OBJECT_CONVERSION = YES_AGGRESSIVE;
				CLANG_CXX_LANGUAGE_STANDARD = "gnu++14";
				CLANG_CXX_LIBRARY = "libc++";
				CLANG_ENABLE_MODULES = YES;
				CLANG_ENABLE_OBJC_ARC = YES;
				CLANG_WARN_BLOCK_CAPTURE_AUTORELEASING = YES;
				CLANG_WARN_BOOL_CONVERSION = YES;
				CLANG_WARN_COMMA = YES;
				CLANG_WARN_CONSTANT_CONVERSION = YES;
				CLANG_WARN_DIRECT_OBJC_ISA_USAGE = YES_ERROR;
				CLANG_WARN_DOCUMENTATION_COMMENTS = YES;
				CLANG_WARN_EMPTY_BODY = YES;
				CLANG_WARN_ENUM_CONVERSION = YES;
				CLANG_WARN_INFINITE_RECURSION = YES;
				CLANG_WARN_INT_CONVERSION = YES;
				CLANG_WARN_NON_LITERAL_NULL_CONVERSION = YES;
				CLANG_WARN_OBJC_LITERAL_CONVERSION = YES;
				CLANG_WARN_OBJC_ROOT_CLASS = YES_ERROR;
				CLANG_WARN_RANGE_LOOP_ANALYSIS = YES;
				CLANG_WARN_STRICT_PROTOTYPES = YES;
				CLANG_WARN_SUSPICIOUS_MOVE = YES;
				CLANG_WARN_UNGUARDED_AVAILABILITY = YES_AGGRESSIVE;
				CLANG_WARN_UNREACHABLE_CODE = YES;
				CLANG_WARN__DUPLICATE_METHOD_MATCH = YES;
				CODE_SIGN_IDENTITY = "iPhone Developer";
				COPY_PHASE_STRIP = NO;
				DEBUG_INFORMATION_FORMAT = dwarf;
				ENABLE_STRICT_OBJC_MSGSEND = YES;
				ENABLE_TESTABILITY = YES;
				GCC_C_LANGUAGE_STANDARD = gnu11;
				GCC_DYNAMIC_NO_PIC = NO;
				GCC_NO_COMMON_BLOCKS = YES;
				GCC_OPTIMIZATION_LEVEL = 0;
				GCC_PREPROCESSOR_DEFINITIONS = (
					"DEBUG=1",
					"$(inherited)",
				);
				GCC_WARN_64_TO_32_BIT_CONVERSION = YES;
				GCC_WARN_ABOUT_RETURN_TYPE = YES_ERROR;
				GCC_WARN_UNDECLARED_SELECTOR = YES;
				GCC_WARN_UNINITIALIZED_AUTOS = YES_AGGRESSIVE;
				GCC_WARN_UNUSED_FUNCTION = YES;
				GCC_WARN_UNUSED_VARIABLE = YES;
				IPHONEOS_DEPLOYMENT_TARGET = 11.0;
				MTL_ENABLE_DEBUG_INFO = YES;
				ONLY_ACTIVE_ARCH = YES;
				SDKROOT = iphoneos;
				SWIFT_ACTIVE_COMPILATION_CONDITIONS = DEBUG;
				SWIFT_OPTIMIZATION_LEVEL = "-Onone";
			};
			name = Debug;
		};
		958161E71F6F6FFA00E410D2 /* Release */ = {
			isa = XCBuildConfiguration;
			buildSettings = {
				ALWAYS_SEARCH_USER_PATHS = NO;
				CLANG_ANALYZER_NONNULL = YES;
				CLANG_ANALYZER_NUMBER_OBJECT_CONVERSION = YES_AGGRESSIVE;
				CLANG_CXX_LANGUAGE_STANDARD = "gnu++14";
				CLANG_CXX_LIBRARY = "libc++";
				CLANG_ENABLE_MODULES = YES;
				CLANG_ENABLE_OBJC_ARC = YES;
				CLANG_WARN_BLOCK_CAPTURE_AUTORELEASING = YES;
				CLANG_WARN_BOOL_CONVERSION = YES;
				CLANG_WARN_COMMA = YES;
				CLANG_WARN_CONSTANT_CONVERSION = YES;
				CLANG_WARN_DIRECT_OBJC_ISA_USAGE = YES_ERROR;
				CLANG_WARN_DOCUMENTATION_COMMENTS = YES;
				CLANG_WARN_EMPTY_BODY = YES;
				CLANG_WARN_ENUM_CONVERSION = YES;
				CLANG_WARN_INFINITE_RECURSION = YES;
				CLANG_WARN_INT_CONVERSION = YES;
				CLANG_WARN_NON_LITERAL_NULL_CONVERSION = YES;
				CLANG_WARN_OBJC_LITERAL_CONVERSION = YES;
				CLANG_WARN_OBJC_ROOT_CLASS = YES_ERROR;
				CLANG_WARN_RANGE_LOOP_ANALYSIS = YES;
				CLANG_WARN_STRICT_PROTOTYPES = YES;
				CLANG_WARN_SUSPICIOUS_MOVE = YES;
				CLANG_WARN_UNGUARDED_AVAILABILITY = YES_AGGRESSIVE;
				CLANG_WARN_UNREACHABLE_CODE = YES;
				CLANG_WARN__DUPLICATE_METHOD_MATCH = YES;
				CODE_SIGN_IDENTITY = "iPhone Developer";
				COPY_PHASE_STRIP = NO;
				DEBUG_INFORMATION_FORMAT = "dwarf-with-dsym";
				ENABLE_NS_ASSERTIONS = NO;
				ENABLE_STRICT_OBJC_MSGSEND = YES;
				GCC_C_LANGUAGE_STANDARD = gnu11;
				GCC_NO_COMMON_BLOCKS = YES;
				GCC_WARN_64_TO_32_BIT_CONVERSION = YES;
				GCC_WARN_ABOUT_RETURN_TYPE = YES_ERROR;
				GCC_WARN_UNDECLARED_SELECTOR = YES;
				GCC_WARN_UNINITIALIZED_AUTOS = YES_AGGRESSIVE;
				GCC_WARN_UNUSED_FUNCTION = YES;
				GCC_WARN_UNUSED_VARIABLE = YES;
				IPHONEOS_DEPLOYMENT_TARGET = 11.0;
				MTL_ENABLE_DEBUG_INFO = NO;
				SDKROOT = iphoneos;
				SWIFT_OPTIMIZATION_LEVEL = "-Owholemodule";
				VALIDATE_PRODUCT = YES;
			};
			name = Release;
		};
		958161E91F6F6FFA00E410D2 /* Debug */ = {
			isa = XCBuildConfiguration;
			buildSettings = {
				ASSETCATALOG_COMPILER_APPICON_NAME = AppIcon;
				CODE_SIGN_STYLE = Automatic;
				DEVELOPMENT_TEAM = 8ED2N2GBR7;
				INFOPLIST_FILE = TEI11Ar/Info.plist;
				LD_RUNPATH_SEARCH_PATHS = "$(inherited) @executable_path/Frameworks";
				PRODUCT_BUNDLE_IDENTIFIER = TE.TEI11Ar;
				PRODUCT_NAME = "$(TARGET_NAME)";
				SWIFT_VERSION = 4.0;
				TARGETED_DEVICE_FAMILY = "1,2";
			};
			name = Debug;
		};
		958161EA1F6F6FFA00E410D2 /* Release */ = {
			isa = XCBuildConfiguration;
			buildSettings = {
				ASSETCATALOG_COMPILER_APPICON_NAME = AppIcon;
				CODE_SIGN_STYLE = Automatic;
				DEVELOPMENT_TEAM = 8ED2N2GBR7;
				INFOPLIST_FILE = TEI11Ar/Info.plist;
				LD_RUNPATH_SEARCH_PATHS = "$(inherited) @executable_path/Frameworks";
				PRODUCT_BUNDLE_IDENTIFIER = TE.TEI11Ar;
				PRODUCT_NAME = "$(TARGET_NAME)";
				SWIFT_VERSION = 4.0;
				TARGETED_DEVICE_FAMILY = "1,2";
			};
			name = Release;
		};
/* End XCBuildConfiguration section */

/* Begin XCConfigurationList section */
		958161CF1F6F6FFA00E410D2 /* Build configuration list for PBXProject "TEI11Ar" */ = {
			isa = XCConfigurationList;
			buildConfigurations = (
				958161E61F6F6FFA00E410D2 /* Debug */,
				958161E71F6F6FFA00E410D2 /* Release */,
			);
			defaultConfigurationIsVisible = 0;
			defaultConfigurationName = Release;
		};
		958161E81F6F6FFA00E410D2 /* Build configuration list for PBXNativeTarget "TEI11Ar" */ = {
			isa = XCConfigurationList;
			buildConfigurations = (
				958161E91F6F6FFA00E410D2 /* Debug */,
				958161EA1F6F6FFA00E410D2 /* Release */,
			);
			defaultConfigurationIsVisible = 0;
			defaultConfigurationName = Release;
		};
/* End XCConfigurationList section */
	};
	rootObject = 958161CC1F6F6FFA00E410D2 /* Project object */;
}
